{
  "name": "ghostthread",
  "version": "3.2.1",
  "lockfileVersion": 3,
  "requires": true,
  "packages": {
    "": {
      "name": "ghostthread",
      "version": "3.2.1",
      "license": "MIT",
      "bin": {
        "ghostthread": "ghostthread.mjs",
        "temp-codex": "temp-codex.mjs"
      },
      "engines": {
        "node": ">=22"
      }
    }
  }
}
